# THIS IS AN AUTOGENERATED FILE. DO NOT EDIT THIS FILE DIRECTLY.
# yarn lockfile v1


date-fns@^2.16.1:
  version "2.28.0"
  resolved "https://registry.yarnpkg.com/date-fns/-/date-fns-2.28.0.tgz#9570d656f5fc13143e50c975a3b6bbeb46cd08b2"
  integrity sha512-8d35hViGYx/QH0icHYCeLmsLmMUheMmTyV9Fcm6gvNwdw31yXXH+O85sOBJ+OLnLQMKZowvpKb6FgMIQjcpvQw==

jsonous@^7.3.0:
  version "7.3.0"
  resolved "https://registry.yarnpkg.com/jsonous/-/jsonous-7.3.0.tgz#b6f1a1c3b35fac21859ccb527429871063dfe8da"
  integrity sha512-ZE7vCB/U8CrFmQZi9RLWkzHYmupi9ypier5eVDj4vdvLIuW93stwydWZsyLYiY6k9NrqTOLfPcy73ofg9VQimg==
  dependencies:
    date-fns "^2.16.1"
    maybeasy "^3.0.0"
    resulty "^5.0.0"
    weakset "^1.0.0"

maybeasy@^3.0.0:
  version "3.0.0"
  resolved "https://registry.yarnpkg.com/maybeasy/-/maybeasy-3.0.0.tgz#732c244da190c742de99aa682e6f86a66152bbcc"
  integrity sha512-hMjmt0Kmfp2PdG9knKi6eUdp4513hkDib99EKqMK5tu1mn+t4Hih/pbJ4g5Kf3+f+c6GV6tBinZqtTtcnubm/g==

resulty@^5.0.0:
  version "5.0.0"
  resolved "https://registry.yarnpkg.com/resulty/-/resulty-5.0.0.tgz#962fec061caaade8d600d39d88db370c4f4a9a9a"
  integrity sha512-K4E8JWqVqjCimjfdM/QyQWLs8xwdhJGVsVy2T6hvU9ihTEaEL72/eI/8wtVP7ddM+DKD2dNnNxLwthoX0RZrow==

weakset@^1.0.0:
  version "1.0.0"
  resolved "https://registry.yarnpkg.com/weakset/-/weakset-1.0.0.tgz#7d525ebb93b24d38e6d0a19b0f3e14f099a3b270"
  integrity sha1-fVJeu5OyTTjm0KGbDz4U8JmjsnA=
